// !$*UTF8*$!
{
	archiveVersion = 1;
	classes = {
	};
	objectVersion = 46;
	objects = {

/* Begin PBXBuildFile section */
		EBACAC081BD1C05600210AFE /* main.m in Sources */ = {isa = PBXBuildFile; fileRef = EBACAC071BD1C05600210AFE /* main.m */; };
		EBACAC0B1BD1C05600210AFE /* AppDelegate.m in Sources */ = {isa = PBXBuildFile; fileRef = EBACAC0A1BD1C05600210AFE /* AppDelegate.m */; };
		EBACAC0E1BD1C05600210AFE /* ViewController.m in Sources */ = {isa = PBXBuildFile; fileRef = EBACAC0D1BD1C05600210AFE /* ViewController.m */; };
		EBACAC111BD1C05600210AFE /* Main.storyboard in Resources */ = {isa = PBXBuildFile; fileRef = EBACAC0F1BD1C05600210AFE /* Main.storyboard */; };
		EBACAC131BD1C05600210AFE /* Images.xcassets in Resources */ = {isa = PBXBuildFile; fileRef = EBACAC121BD1C05600210AFE /* Images.xcassets */; };
		EBACAC161BD1C05600210AFE /* LaunchScreen.xib in Resources */ = {isa = PBXBuildFile; fileRef = EBACAC141BD1C05600210AFE /* LaunchScreen.xib */; };
		EBACAC221BD1C05600210AFE /* DemoApp3Tests.m in Sources */ = {isa = PBXBuildFile; fileRef = EBACAC211BD1C05600210AFE /* DemoApp3Tests.m */; };
/* End PBXBuildFile section */

/* Begin PBXContainerItemProxy section */
		EBACAC1C1BD1C05600210AFE /* PBXContainerItemProxy */ = {
			isa = PBXContainerItemProxy;
			containerPortal = EBACABFA1BD1C05600210AFE /* Project object */;
			proxyType = 1;
			remoteGlobalIDString = EBACAC011BD1C05600210AFE;
			remoteInfo = DemoApp3;
		};
/* End PBXContainerItemProxy section */

/* Begin PBXFileReference section */
		EBACAC021BD1C05600210AFE /* DemoApp3.app */ = {isa = PBXFileReference; explicitFileType = wrapper.application; includeInIndex = 0; path = DemoApp3.app; sourceTree = BUILT_PRODUCTS_DIR; };
		EBACAC061BD1C05600210AFE /* Info.plist */ = {isa = PBXFileReference; lastKnownFileType = text.plist.xml; path = Info.plist; sourceTree = "<group>"; };
		EBACAC071BD1C05600210AFE /* main.m */ = {isa = PBXFileReference; lastKnownFileType = sourcecode.c.objc; path = main.m; sourceTree = "<group>"; };
		EBACAC091BD1C05600210AFE /* AppDelegate.h */ = {isa = PBXFileReference; lastKnownFileType = sourcecode.c.h; path = AppDelegate.h; sourceTree = "<group>"; };
		EBACAC0A1BD1C05600210AFE /* AppDelegate.m */ = {isa = PBXFileReference; lastKnownFileType = sourcecode.c.objc; path = AppDelegate.m; sourceTree = "<group>"; };
		EBACAC0C1BD1C05600210AFE /* ViewController.h */ = {isa = PBXFileReference; lastKnownFileType = sourcecode.c.h; path = ViewController.h; sourceTree = "<group>"; };
		EBACAC0D1BD1C05600210AFE /* ViewController.m */ = {isa = PBXFileReference; lastKnownFileType = sourcecode.c.objc; path = ViewController.m; sourceTree = "<group>"; };
		EBACAC101BD1C05600210AFE /* Base */ = {isa = PBXFileReference; lastKnownFileType = file.storyboard; name = Base; path = Base.lproj/Main.storyboard; sourceTree = "<group>"; };
		EBACAC121BD1C05600210AFE /* Images.xcassets */ = {isa = PBXFileReference; lastKnownFileType = folder.assetcatalog; path = Images.xcassets; sourceTree = "<group>"; };
		EBACAC151BD1C05600210AFE /* Base */ = {isa = PBXFileReference; lastKnownFileType = file.xib; name = Base; path = Base.lproj/LaunchScreen.xib; sourceTree = "<group>"; };
		EBACAC1B1BD1C05600210AFE /* DemoApp3Tests.xctest */ = {isa = PBXFileReference; explicitFileType = wrapper.cfbundle; includeInIndex = 0; path = DemoApp3Tests.xctest; sourceTree = BUILT_PRODUCTS_DIR; };
		EBACAC201BD1C05600210AFE /* Info.plist */ = {isa = PBXFileReference; lastKnownFileType = text.plist.xml; path = Info.plist; sourceTree = "<group>"; };
		EBACAC211BD1C05600210AFE /* DemoApp3Tests.m */ = {isa = PBXFileReference; lastKnownFileType = sourcecode.c.objc; path = DemoApp3Tests.m; sourceTree = "<group>"; };
/* End PBXFileReference section */

/* Begin PBXFrameworksBuildPhase section */
		EBACABFF1BD1C05600210AFE /* Frameworks */ = {
			isa = PBXFrameworksBuildPhase;
			buildActionMask = 2147483647;
			files = (
			);
			runOnlyForDeploymentPostprocessing = 0;
		};
		EBACAC181BD1C05600210AFE /* Frameworks */ = {
			isa = PBXFrameworksBuildPhase;
			buildActionMask = 2147483647;
			files = (
			);
			runOnlyForDeploymentPostprocessing = 0;
		};
/* End PBXFrameworksBuildPhase section */

/* Begin PBXGroup section */
		EBACABF91BD1C05600210AFE = {
			isa = PBXGroup;
			children = (
				EBACAC041BD1C05600210AFE /* DemoApp3 */,
				EBACAC1E1BD1C05600210AFE /* DemoApp3Tests */,
				EBACAC031BD1C05600210AFE /* Products */,
			);
			sourceTree = "<group>";
		};
		EBACAC031BD1C05600210AFE /* Products */ = {
			isa = PBXGroup;
			children = (
				EBACAC021BD1C05600210AFE /* DemoApp3.app */,
				EBACAC1B1BD1C05600210AFE /* DemoApp3Tests.xctest */,
			);
			name = Products;
			sourceTree = "<group>";
		};
		EBACAC041BD1C05600210AFE /* DemoApp3 */ = {
			isa = PBXGroup;
			children = (
				EBACAC091BD1C05600210AFE /* AppDelegate.h */,
				EBACAC0A1BD1C05600210AFE /* AppDelegate.m */,
				EBACAC0C1BD1C05600210AFE /* ViewController.h */,
				EBACAC0D1BD1C05600210AFE /* ViewController.m */,
				EBACAC0F1BD1C05600210AFE /* Main.storyboard */,
				EBACAC121BD1C05600210AFE /* Images.xcassets */,
				EBACAC141BD1C05600210AFE /* LaunchScreen.xib */,
				EBACAC051BD1C05600210AFE /* Supporting Files */,
			);
			path = DemoApp3;
			sourceTree = "<group>";
		};
		EBACAC051BD1C05600210AFE /* Supporting Files */ = {
			isa = PBXGroup;
			children = (
				EBACAC061BD1C05600210AFE /* Info.plist */,
				EBACAC071BD1C05600210AFE /* main.m */,
			);
			name = "Supporting Files";
			sourceTree = "<group>";
		};
		EBACAC1E1BD1C05600210AFE /* DemoApp3Tests */ = {
			isa = PBXGroup;
			children = (
				EBACAC211BD1C05600210AFE /* DemoApp3Tests.m */,
				EBACAC1F1BD1C05600210AFE /* Supporting Files */,
			);
			path = DemoApp3Tests;
			sourceTree = "<group>";
		};
		EBACAC1F1BD1C05600210AFE /* Supporting Files */ = {
			isa = PBXGroup;
			children = (
				EBACAC201BD1C05600210AFE /* Info.plist */,
			);
			name = "Supporting Files";
			sourceTree = "<group>";
		};
/* End PBXGroup section */

/* Begin PBXNativeTarget section */
		EBACAC011BD1C05600210AFE /* DemoApp3 */ = {
			isa = PBXNativeTarget;
			buildConfigurationList = EBACAC251BD1C05600210AFE /* Build configuration list for PBXNativeTarget "DemoApp3" */;
			buildPhases = (
				EBACABFE1BD1C05600210AFE /* Sources */,
				EBACABFF1BD1C05600210AFE /* Frameworks */,
				EBACAC001BD1C05600210AFE /* Resources */,
			);
			buildRules = (
			);
			dependencies = (
			);
			name = DemoApp3;
			productName = DemoApp3;
			productReference = EBACAC021BD1C05600210AFE /* DemoApp3.app */;
			productType = "com.apple.product-type.application";
		};
		EBACAC1A1BD1C05600210AFE /* DemoApp3Tests */ = {
			isa = PBXNativeTarget;
			buildConfigurationList = EBACAC281BD1C05600210AFE /* Build configuration list for PBXNativeTarget "DemoApp3Tests" */;
			buildPhases = (
				EBACAC171BD1C05600210AFE /* Sources */,
				EBACAC181BD1C05600210AFE /* Frameworks */,
				EBACAC191BD1C05600210AFE /* Resources */,
			);
			buildRules = (
			);
			dependencies = (
				EBACAC1D1BD1C05600210AFE /* PBXTargetDependency */,
			);
			name = DemoApp3Tests;
			productName = DemoApp3Tests;
			productReference = EBACAC1B1BD1C05600210AFE /* DemoApp3Tests.xctest */;
			productType = "com.apple.product-type.bundle.unit-test";
		};
/* End PBXNativeTarget section */

/* Begin PBXProject section */
		EBACABFA1BD1C05600210AFE /* Project object */ = {
			isa = PBXProject;
			attributes = {
				LastUpgradeCheck = 0630;
				ORGANIZATIONNAME = Hakim;
				TargetAttributes = {
					EBACAC011BD1C05600210AFE = {
						CreatedOnToolsVersion = 6.3.1;
					};
					EBACAC1A1BD1C05600210AFE = {
						CreatedOnToolsVersion = 6.3.1;
						TestTargetID = EBACAC011BD1C05600210AFE;
					};
				};
			};
			buildConfigurationList = EBACABFD1BD1C05600210AFE /* Build configuration list for PBXProject "DemoApp3" */;
			compatibilityVersion = "Xcode 3.2";
			developmentRegion = English;
			hasScannedForEncodings = 0;
			knownRegions = (
				en,
				Base,
			);
			mainGroup = EBACABF91BD1C05600210AFE;
			productRefGroup = EBACAC031BD1C05600210AFE /* Products */;
			projectDirPath = "";
			projectRoot = "";
			targets = (
				EBACAC011BD1C05600210AFE /* DemoApp3 */,
				EBACAC1A1BD1C05600210AFE /* DemoApp3Tests */,
			);
		};
/* End PBXProject section */

/* Begin PBXResourcesBuildPhase section */
		EBACAC001BD1C05600210AFE /* Resources */ = {
			isa = PBXResourcesBuildPhase;
			buildActionMask = 2147483647;
			files = (
				EBACAC111BD1C05600210AFE /* Main.storyboard in Resources */,
				EBACAC161BD1C05600210AFE /* LaunchScreen.xib in Resources */,
				EBACAC131BD1C05600210AFE /* Images.xcassets in Resources */,
			);
			runOnlyForDeploymentPostprocessing = 0;
		};
		EBACAC191BD1C05600210AFE /* Resources */ = {
			isa = PBXResourcesBuildPhase;
			buildActionMask = 2147483647;
			files = (
			);
			runOnlyForDeploymentPostprocessing = 0;
		};
/* End PBXResourcesBuildPhase section */

/* Begin PBXSourcesBuildPhase section */
		EBACABFE1BD1C05600210AFE /* Sources */ = {
			isa = PBXSourcesBuildPhase;
			buildActionMask = 2147483647;
			files = (
				EBACAC0E1BD1C05600210AFE /* ViewController.m in Sources */,
				EBACAC0B1BD1C05600210AFE /* AppDelegate.m in Sources */,
				EBACAC081BD1C05600210AFE /* main.m in Sources */,
			);
			runOnlyForDeploymentPostprocessing = 0;
		};
		EBACAC171BD1C05600210AFE /* Sources */ = {
			isa = PBXSourcesBuildPhase;
			buildActionMask = 2147483647;
			files = (
				EBACAC221BD1C05600210AFE /* DemoApp3Tests.m in Sources */,
			);
			runOnlyForDeploymentPostprocessing = 0;
		};
/* End PBXSourcesBuildPhase section */

/* Begin PBXTargetDependency section */
		EBACAC1D1BD1C05600210AFE /* PBXTargetDependency */ = {
			isa = PBXTargetDependency;
			target = EBACAC011BD1C05600210AFE /* DemoApp3 */;
			targetProxy = EBACAC1C1BD1C05600210AFE /* PBXContainerItemProxy */;
		};
/* End PBXTargetDependency section */

/* Begin PBXVariantGroup section */
		EBACAC0F1BD1C05600210AFE /* Main.storyboard */ = {
			isa = PBXVariantGroup;
			children = (
				EBACAC101BD1C05600210AFE /* Base */,
			);
			name = Main.storyboard;
			sourceTree = "<group>";
		};
		EBACAC141BD1C05600210AFE /* LaunchScreen.xib */ = {
			isa = PBXVariantGroup;
			children = (
				EBACAC151BD1C05600210AFE /* Base */,
			);
			name = LaunchScreen.xib;
			sourceTree = "<group>";
		};
/* End PBXVariantGroup section */

/* Begin XCBuildConfiguration section */
		EBACAC231BD1C05600210AFE /* Debug */ = {
			isa = XCBuildConfiguration;
			buildSettings = {
				ALWAYS_SEARCH_USER_PATHS = NO;
				CLANG_CXX_LANGUAGE_STANDARD = "gnu++0x";
				CLANG_CXX_LIBRARY = "libc++";
				CLANG_ENABLE_MODULES = YES;
				CLANG_ENABLE_OBJC_ARC = YES;
				CLANG_WARN_BOOL_CONVERSION = YES;
				CLANG_WARN_CONSTANT_CONVERSION = YES;
				CLANG_WARN_DIRECT_OBJC_ISA_USAGE = YES_ERROR;
				CLANG_WARN_EMPTY_BODY = YES;
				CLANG_WARN_ENUM_CONVERSION = YES;
				CLANG_WARN_INT_CONVERSION = YES;
				CLANG_WARN_OBJC_ROOT_CLASS = YES_ERROR;
				CLANG_WARN_UNREACHABLE_CODE = YES;
				CLANG_WARN__DUPLICATE_METHOD_MATCH = YES;
				"CODE_SIGN_IDENTITY[sdk=iphoneos*]" = "iPhone Developer";
				COPY_PHASE_STRIP = NO;
				DEBUG_INFORMATION_FORMAT = "dwarf-with-dsym";
				ENABLE_STRICT_OBJC_MSGSEND = YES;
				GCC_C_LANGUAGE_STANDARD = gnu99;
				GCC_DYNAMIC_NO_PIC = NO;
				GCC_NO_COMMON_BLOCKS = YES;
				GCC_OPTIMIZATION_LEVEL = 0;
				GCC_PREPROCESSOR_DEFINITIONS = (
					"DEBUG=1",
					"$(inherited)",
				);
				GCC_SYMBOLS_PRIVATE_EXTERN = NO;
				GCC_WARN_64_TO_32_BIT_CONVERSION = YES;
				GCC_WARN_ABOUT_RETURN_TYPE = YES_ERROR;
				GCC_WARN_UNDECLARED_SELECTOR = YES;
				GCC_WARN_UNINITIALIZED_AUTOS = YES_AGGRESSIVE;
				GCC_WARN_UNUSED_FUNCTION = YES;
				GCC_WARN_UNUSED_VARIABLE = YES;
				IPHONEOS_DEPLOYMENT_TARGET = 8.3;
				MTL_ENABLE_DEBUG_INFO = YES;
				ONLY_ACTIVE_ARCH = YES;
				SDKROOT = iphoneos;
			};
			name = Debug;
		};
		EBACAC241BD1C05600210AFE /* Release */ = {
			isa = XCBuildConfiguration;
			buildSettings = {
				ALWAYS_SEARCH_USER_PATHS = NO;
				CLANG_CXX_LANGUAGE_STANDARD = "gnu++0x";
				CLANG_CXX_LIBRARY = "libc++";
				CLANG_ENABLE_MODULES = YES;
				CLANG_ENABLE_OBJC_ARC = YES;
				CLANG_WARN_BOOL_CONVERSION = YES;
				CLANG_WARN_CONSTANT_CONVERSION = YES;
				CLANG_WARN_DIRECT_OBJC_ISA_USAGE = YES_ERROR;
				CLANG_WARN_EMPTY_BODY = YES;
				CLANG_WARN_ENUM_CONVERSION = YES;
				CLANG_WARN_INT_CONVERSION = YES;
				CLANG_WARN_OBJC_ROOT_CLASS = YES_ERROR;
				CLANG_WARN_UNREACHABLE_CODE = YES;
				CLANG_WARN__DUPLICATE_METHOD_MATCH = YES;
				"CODE_SIGN_IDENTITY[sdk=iphoneos*]" = "iPhone Developer";
				COPY_PHASE_STRIP = NO;
				DEBUG_INFORMATION_FORMAT = "dwarf-with-dsym";
				ENABLE_NS_ASSERTIONS = NO;
				ENABLE_STRICT_OBJC_MSGSEND = YES;
				GCC_C_LANGUAGE_STANDARD = gnu99;
				GCC_NO_COMMON_BLOCKS = YES;
				GCC_WARN_64_TO_32_BIT_CONVERSION = YES;
				GCC_WARN_ABOUT_RETURN_TYPE = YES_ERROR;
				GCC_WARN_UNDECLARED_SELECTOR = YES;
				GCC_WARN_UNINITIALIZED_AUTOS = YES_AGGRESSIVE;
				GCC_WARN_UNUSED_FUNCTION = YES;
				GCC_WARN_UNUSED_VARIABLE = YES;
				IPHONEOS_DEPLOYMENT_TARGET = 8.3;
				MTL_ENABLE_DEBUG_INFO = NO;
				SDKROOT = iphoneos;
				VALIDATE_PRODUCT = YES;
			};
			name = Release;
		};
		EBACAC261BD1C05600210AFE /* Debug */ = {
			isa = XCBuildConfiguration;
			buildSettings = {
				ASSETCATALOG_COMPILER_APPICON_NAME = AppIcon;
				INFOPLIST_FILE = DemoApp3/Info.plist;
				LD_RUNPATH_SEARCH_PATHS = "$(inherited) @executable_path/Frameworks";
				PRODUCT_NAME = "$(TARGET_NAME)";
			};
			name = Debug;
		};
		EBACAC271BD1C05600210AFE /* Release */ = {
			isa = XCBuildConfiguration;
			buildSettings = {
				ASSETCATALOG_COMPILER_APPICON_NAME = AppIcon;
				INFOPLIST_FILE = DemoApp3/Info.plist;
				LD_RUNPATH_SEARCH_PATHS = "$(inherited) @executable_path/Frameworks";
				PRODUCT_NAME = "$(TARGET_NAME)";
			};
			name = Release;
		};
		EBACAC291BD1C05600210AFE /* Debug */ = {
			isa = XCBuildConfiguration;
			buildSettings = {
				BUNDLE_LOADER = "$(TEST_HOST)";
				FRAMEWORK_SEARCH_PATHS = (
					"$(SDKROOT)/Developer/Library/Frameworks",
					"$(inherited)",
				);
				GCC_PREPROCESSOR_DEFINITIONS = (
					"DEBUG=1",
					"$(inherited)",
				);
				INFOPLIST_FILE = DemoApp3Tests/Info.plist;
				LD_RUNPATH_SEARCH_PATHS = "$(inherited) @executable_path/Frameworks @loader_path/Frameworks";
				PRODUCT_NAME = "$(TARGET_NAME)";
				TEST_HOST = "$(BUILT_PRODUCTS_DIR)/DemoApp3.app/DemoApp3";
			};
			name = Debug;
		};
		EBACAC2A1BD1C05600210AFE /* Release */ = {
			isa = XCBuildConfiguration;
			buildSettings = {
				BUNDLE_LOADER = "$(TEST_HOST)";
				FRAMEWORK_SEARCH_PATHS = (
					"$(SDKROOT)/Developer/Library/Frameworks",
					"$(inherited)",
				);
				INFOPLIST_FILE = DemoApp3Tests/Info.plist;
				LD_RUNPATH_SEARCH_PATHS = "$(inherited) @executable_path/Frameworks @loader_path/Frameworks";
				PRODUCT_NAME = "$(TARGET_NAME)";
				TEST_HOST = "$(BUILT_PRODUCTS_DIR)/DemoApp3.app/DemoApp3";
			};
			name = Release;
		};
/* End XCBuildConfiguration section */

/* Begin XCConfigurationList section */
		EBACABFD1BD1C05600210AFE /* Build configuration list for PBXProject "DemoApp3" */ = {
			isa = XCConfigurationList;
			buildConfigurations = (
				EBACAC231BD1C05600210AFE /* Debug */,
				EBACAC241BD1C05600210AFE /* Release */,
			);
			defaultConfigurationIsVisible = 0;
			defaultConfigurationName = Release;
		};
		EBACAC251BD1C05600210AFE /* Build configuration list for PBXNativeTarget "DemoApp3" */ = {
			isa = XCConfigurationList;
			buildConfigurations = (
				EBACAC261BD1C05600210AFE /* Debug */,
				EBACAC271BD1C05600210AFE /* Release */,
			);
			defaultConfigurationIsVisible = 0;
		};
		EBACAC281BD1C05600210AFE /* Build configuration list for PBXNativeTarget "DemoApp3Tests" */ = {
			isa = XCConfigurationList;
			buildConfigurations = (
				EBACAC291BD1C05600210AFE /* Debug */,
				EBACAC2A1BD1C05600210AFE /* Release */,
			);
			defaultConfigurationIsVisible = 0;
		};
/* End XCConfigurationList section */
	};
	rootObject = EBACABFA1BD1C05600210AFE /* Project object */;
}
